
Microsoft Visual Studio Solution File, Format Version 12.00
# Visual Studio Version 17
VisualStudioVersion = 17.10.35122.118
MinimumVisualStudioVersion = 10.0.40219.1
Project("{2150E333-8FDC-42A3-9474-1A3956D46DE8}") = "CSharpTasks", "CSharpTasks", "{C3392864-4CB4-41E7-A620-99AB9956E5F7}"
EndProject
Project("{2150E333-8FDC-42A3-9474-1A3956D46DE8}") = "Task11_ConsoleRPG", "Task11_ConsoleRPG", "{80728187-F676-4C27-9143-165A6154F48E}"
EndProject
Project("{FAE04EC0-301F-11D3-BF4B-00C04F79EFBC}") = "ConsoleRPG", "Task11_ConsoleRPG\ConsoleRPG\ConsoleRPG.csproj", "{1A361948-18DD-4CA8-9760-83CA17E401A4}"
EndProject
Project("{2150E333-8FDC-42A3-9474-1A3956D46DE8}") = "Task10_PatternsFinal", "Task10_PatternsFinal", "{64898081-32FC-459D-A23D-5BFC45C870CC}"
EndProject
Project("{FAE04EC0-301F-11D3-BF4B-00C04F79EFBC}") = "ProxyTask", "Task10_PatternsFinal\ProxyTask\ProxyTask.csproj", "{5F5BB48D-1CF4-4046-A67C-E3EDA8468BBD}"
EndProject
Project("{FAE04EC0-301F-11D3-BF4B-00C04F79EFBC}") = "FoodOrderTask", "Task10_PatternsFinal\FoodOrderTask\FoodOrderTask.csproj", "{DA208891-150C-436B-B14B-CC75D7F600FB}"
EndProject
Project("{FAE04EC0-301F-11D3-BF4B-00C04F79EFBC}") = "CoffeeMachineTask", "Task10_PatternsFinal\CoffeeMachineTask\CoffeeMachineTask.csproj", "{B2F42D70-7EEC-4F35-9A30-42DD683CBB51}"
EndProject
Project("{FAE04EC0-301F-11D3-BF4B-00C04F79EFBC}") = "ChatTask", "Task10_PatternsFinal\ChatTask\ChatTask.csproj", "{E7807AE2-756D-4EB2-AE78-98BF88626A3D}"
EndProject
Project("{FAE04EC0-301F-11D3-BF4B-00C04F79EFBC}") = "3DobjectsTask", "Task10_PatternsFinal\3DobjectsTask\3DobjectsTask.csproj", "{A3EE8030-999A-4A21-B2C9-220D2D93EE6D}"
EndProject
Project("{2150E333-8FDC-42A3-9474-1A3956D46DE8}") = "Task12_Abstractions", "Task12_Abstractions", "{4031B06F-56C9-4A34-B31E-2EC7B1CB20F6}"
EndProject
Project("{FAE04EC0-301F-11D3-BF4B-00C04F79EFBC}") = "AbstractionsTask", "Task12_Abstractions\AbstractionsTask\AbstractionsTask.csproj", "{85683DF4-5D9E-475E-AB31-3DD589F02355}"
EndProject
Project("{2150E333-8FDC-42A3-9474-1A3956D46DE8}") = "Task09_SmartHomeTask", "Task09_SmartHomeTask", "{2C00514C-2346-45D4-92C5-550BB5BFFDD2}"
EndProject
Project("{FAE04EC0-301F-11D3-BF4B-00C04F79EFBC}") = "SmartHomeTask", "Task09_SmartHomeTask\SmartHome\SmartHomeTask.csproj", "{7DF0DB51-4BA6-422D-A5F9-B9952EC825BF}"
EndProject
Project("{2150E333-8FDC-42A3-9474-1A3956D46DE8}") = "Task08_BehaviourPatterns", "Task08_BehaviourPatterns", "{C76F89DA-2572-4241-85AA-C1FD90499C8E}"
EndProject
Project("{FAE04EC0-301F-11D3-BF4B-00C04F79EFBC}") = "Strategy", "Task08_BehaviourPatterns\Strategy\Strategy.csproj", "{00230AD7-54B7-4A67-BB9D-DFF65B1589F4}"
EndProject
Project("{FAE04EC0-301F-11D3-BF4B-00C04F79EFBC}") = "MementoPattern", "Task08_BehaviourPatterns\Memento\MementoPattern.csproj", "{4A12CCC7-4CD0-4468-AA16-D6107E24ABB6}"
EndProject
Project("{2150E333-8FDC-42A3-9474-1A3956D46DE8}") = "Task07_PatternsFromUML", "Task07_PatternsFromUML", "{2C36F674-33B8-404B-947F-B591B3FB78EA}"
EndProject
Project("{FAE04EC0-301F-11D3-BF4B-00C04F79EFBC}") = "Singleton", "Task07_PatternsFromUML\Singleton\Singleton.csproj", "{132A58F8-F1C9-48D8-88D0-FDE3E71336AB}"
EndProject
Project("{FAE04EC0-301F-11D3-BF4B-00C04F79EFBC}") = "Prototype", "Task07_PatternsFromUML\Prototype\Prototype.csproj", "{F36D2A45-B13F-43B0-A850-A551727CE0A5}"
EndProject
Project("{FAE04EC0-301F-11D3-BF4B-00C04F79EFBC}") = "FactoryMethod", "Task07_PatternsFromUML\FactoryMethod\FactoryMethod.csproj", "{E52F781C-380B-46F8-B9C4-6D9333923D8B}"
EndProject
Project("{FAE04EC0-301F-11D3-BF4B-00C04F79EFBC}") = "Builder", "Task07_PatternsFromUML\Builder\Builder.csproj", "{ED4D500B-FD09-4ACD-980A-B6E6587D4283}"
EndProject
Project("{2150E333-8FDC-42A3-9474-1A3956D46DE8}") = "Task06_Patterns", "Task06_Patterns", "{E7CFF120-ABCB-43CE-9305-06CDDA751B60}"
EndProject
Project("{FAE04EC0-301F-11D3-BF4B-00C04F79EFBC}") = "Patterns", "Task06_Patterns\Patterns\Patterns.csproj", "{E96D80B1-AFF1-4ECA-BFCB-EAF410756894}"
EndProject
Project("{2150E333-8FDC-42A3-9474-1A3956D46DE8}") = "Task05_Delegates", "Task05_Delegates", "{86321BB2-0655-4CDA-AEA4-4289744D74FC}"
EndProject
Project("{FAE04EC0-301F-11D3-BF4B-00C04F79EFBC}") = "Delegates", "Task05_Delegates\Delegates\Delegates.csproj", "{FE8C1783-A25F-40B4-B5CA-6B9BF0959FF5}"
EndProject
Project("{2150E333-8FDC-42A3-9474-1A3956D46DE8}") = "Task04_ClassHierarchy", "Task04_ClassHierarchy", "{A7B613E5-C1DE-4991-B59A-1FAF4C6F1CAB}"
EndProject
Project("{FAE04EC0-301F-11D3-BF4B-00C04F79EFBC}") = "ClassHierarchy", "Task04_ClassHierarchy\ClassHierarchy\ClassHierarchy.csproj", "{1AD1E450-93DC-4BF3-9D7F-9F1B5ADA2367}"
EndProject
Project("{2150E333-8FDC-42A3-9474-1A3956D46DE8}") = "Task03_GenericClass", "Task03_GenericClass", "{5DC32C04-2E70-4827-8F8F-E2A4F7C92442}"
EndProject
Project("{FAE04EC0-301F-11D3-BF4B-00C04F79EFBC}") = "BoxingAndGenerics", "Task03_GenericClass\BoxingAndGenerics\BoxingAndGenerics.csproj", "{6617032A-9A8F-47CE-8548-5D0FF9BC4AFC}"
EndProject
Project("{2150E333-8FDC-42A3-9474-1A3956D46DE8}") = "Task02_CatClassification", "Task02_CatClassification", "{3DEBEA52-CE7D-4AC4-9B73-F7B6D4F5B6F8}"
EndProject
Project("{FAE04EC0-301F-11D3-BF4B-00C04F79EFBC}") = "VinogradovIE_CatFramework", "Task02_CatClassification\VinogradovIE_CatFramework\VinogradovIE_CatFramework.csproj", "{94C3D3F2-F401-4F02-A32F-7287CA17AD34}"
EndProject
Project("{FAE04EC0-301F-11D3-BF4B-00C04F79EFBC}") = "VinogradovIE_CatApplication", "Task02_CatClassification\VinogradovIE_CatApplication\VinogradovIE_CatApplication.csproj", "{A14957C6-3323-461E-AB8D-F5D188F8EAC8}"
EndProject
Project("{2150E333-8FDC-42A3-9474-1A3956D46DE8}") = "Learning01_UnitTesting", "Learning01_UnitTesting", "{BE2ED094-46BE-4E1C-A040-23F1ACA7B5D9}"
EndProject
Project("{FAE04EC0-301F-11D3-BF4B-00C04F79EFBC}") = "NUnitTaskLibrary", "Learning01_UnitTesting\NUnitTaskLibrary\NUnitTaskLibrary.csproj", "{32F61CB0-1F61-4C07-BFBA-BC0326ACEE7F}"
EndProject
Project("{FAE04EC0-301F-11D3-BF4B-00C04F79EFBC}") = "NUnitTask", "Learning01_UnitTesting\NUnitTask\NUnitTask.csproj", "{80BE6567-6533-4C17-BDC5-94A812691465}"
EndProject
Project("{FAE04EC0-301F-11D3-BF4B-00C04F79EFBC}") = "MSTestTask", "Learning01_UnitTesting\MSTest\MSTestTask.csproj", "{663F0623-A1F0-465A-8160-716965212E95}"
EndProject
Global
	GlobalSection(SolutionConfigurationPlatforms) = preSolution
		Debug|Any CPU = Debug|Any CPU
		Release|Any CPU = Release|Any CPU
	EndGlobalSection
	GlobalSection(ProjectConfigurationPlatforms) = postSolution
		{1A361948-18DD-4CA8-9760-83CA17E401A4}.Debug|Any CPU.ActiveCfg = Debug|Any CPU
		{1A361948-18DD-4CA8-9760-83CA17E401A4}.Debug|Any CPU.Build.0 = Debug|Any CPU
		{1A361948-18DD-4CA8-9760-83CA17E401A4}.Release|Any CPU.ActiveCfg = Release|Any CPU
		{1A361948-18DD-4CA8-9760-83CA17E401A4}.Release|Any CPU.Build.0 = Release|Any CPU
		{5F5BB48D-1CF4-4046-A67C-E3EDA8468BBD}.Debug|Any CPU.ActiveCfg = Debug|Any CPU
		{5F5BB48D-1CF4-4046-A67C-E3EDA8468BBD}.Debug|Any CPU.Build.0 = Debug|Any CPU
		{5F5BB48D-1CF4-4046-A67C-E3EDA8468BBD}.Release|Any CPU.ActiveCfg = Release|Any CPU
		{5F5BB48D-1CF4-4046-A67C-E3EDA8468BBD}.Release|Any CPU.Build.0 = Release|Any CPU
		{DA208891-150C-436B-B14B-CC75D7F600FB}.Debug|Any CPU.ActiveCfg = Debug|Any CPU
		{DA208891-150C-436B-B14B-CC75D7F600FB}.Debug|Any CPU.Build.0 = Debug|Any CPU
		{DA208891-150C-436B-B14B-CC75D7F600FB}.Release|Any CPU.ActiveCfg = Release|Any CPU
		{DA208891-150C-436B-B14B-CC75D7F600FB}.Release|Any CPU.Build.0 = Release|Any CPU
		{B2F42D70-7EEC-4F35-9A30-42DD683CBB51}.Debug|Any CPU.ActiveCfg = Debug|Any CPU
		{B2F42D70-7EEC-4F35-9A30-42DD683CBB51}.Debug|Any CPU.Build.0 = Debug|Any CPU
		{B2F42D70-7EEC-4F35-9A30-42DD683CBB51}.Release|Any CPU.ActiveCfg = Release|Any CPU
		{B2F42D70-7EEC-4F35-9A30-42DD683CBB51}.Release|Any CPU.Build.0 = Release|Any CPU
		{E7807AE2-756D-4EB2-AE78-98BF88626A3D}.Debug|Any CPU.ActiveCfg = Debug|Any CPU
		{E7807AE2-756D-4EB2-AE78-98BF88626A3D}.Debug|Any CPU.Build.0 = Debug|Any CPU
		{E7807AE2-756D-4EB2-AE78-98BF88626A3D}.Release|Any CPU.ActiveCfg = Release|Any CPU
		{E7807AE2-756D-4EB2-AE78-98BF88626A3D}.Release|Any CPU.Build.0 = Release|Any CPU
		{A3EE8030-999A-4A21-B2C9-220D2D93EE6D}.Debug|Any CPU.ActiveCfg = Debug|Any CPU
		{A3EE8030-999A-4A21-B2C9-220D2D93EE6D}.Debug|Any CPU.Build.0 = Debug|Any CPU
		{A3EE8030-999A-4A21-B2C9-220D2D93EE6D}.Release|Any CPU.ActiveCfg = Release|Any CPU
		{A3EE8030-999A-4A21-B2C9-220D2D93EE6D}.Release|Any CPU.Build.0 = Release|Any CPU
		{85683DF4-5D9E-475E-AB31-3DD589F02355}.Debug|Any CPU.ActiveCfg = Debug|Any CPU
		{85683DF4-5D9E-475E-AB31-3DD589F02355}.Debug|Any CPU.Build.0 = Debug|Any CPU
		{85683DF4-5D9E-475E-AB31-3DD589F02355}.Release|Any CPU.ActiveCfg = Release|Any CPU
		{85683DF4-5D9E-475E-AB31-3DD589F02355}.Release|Any CPU.Build.0 = Release|Any CPU
		{7DF0DB51-4BA6-422D-A5F9-B9952EC825BF}.Debug|Any CPU.ActiveCfg = Debug|Any CPU
		{7DF0DB51-4BA6-422D-A5F9-B9952EC825BF}.Debug|Any CPU.Build.0 = Debug|Any CPU
		{7DF0DB51-4BA6-422D-A5F9-B9952EC825BF}.Release|Any CPU.ActiveCfg = Release|Any CPU
		{7DF0DB51-4BA6-422D-A5F9-B9952EC825BF}.Release|Any CPU.Build.0 = Release|Any CPU
		{00230AD7-54B7-4A67-BB9D-DFF65B1589F4}.Debug|Any CPU.ActiveCfg = Debug|Any CPU
		{00230AD7-54B7-4A67-BB9D-DFF65B1589F4}.Debug|Any CPU.Build.0 = Debug|Any CPU
		{00230AD7-54B7-4A67-BB9D-DFF65B1589F4}.Release|Any CPU.ActiveCfg = Release|Any CPU
		{00230AD7-54B7-4A67-BB9D-DFF65B1589F4}.Release|Any CPU.Build.0 = Release|Any CPU
		{4A12CCC7-4CD0-4468-AA16-D6107E24ABB6}.Debug|Any CPU.ActiveCfg = Debug|Any CPU
		{4A12CCC7-4CD0-4468-AA16-D6107E24ABB6}.Debug|Any CPU.Build.0 = Debug|Any CPU
		{4A12CCC7-4CD0-4468-AA16-D6107E24ABB6}.Release|Any CPU.ActiveCfg = Release|Any CPU
		{4A12CCC7-4CD0-4468-AA16-D6107E24ABB6}.Release|Any CPU.Build.0 = Release|Any CPU
		{132A58F8-F1C9-48D8-88D0-FDE3E71336AB}.Debug|Any CPU.ActiveCfg = Debug|Any CPU
		{132A58F8-F1C9-48D8-88D0-FDE3E71336AB}.Debug|Any CPU.Build.0 = Debug|Any CPU
		{132A58F8-F1C9-48D8-88D0-FDE3E71336AB}.Release|Any CPU.ActiveCfg = Release|Any CPU
		{132A58F8-F1C9-48D8-88D0-FDE3E71336AB}.Release|Any CPU.Build.0 = Release|Any CPU
		{F36D2A45-B13F-43B0-A850-A551727CE0A5}.Debug|Any CPU.ActiveCfg = Debug|Any CPU
		{F36D2A45-B13F-43B0-A850-A551727CE0A5}.Debug|Any CPU.Build.0 = Debug|Any CPU
		{F36D2A45-B13F-43B0-A850-A551727CE0A5}.Release|Any CPU.ActiveCfg = Release|Any CPU
		{F36D2A45-B13F-43B0-A850-A551727CE0A5}.Release|Any CPU.Build.0 = Release|Any CPU
		{E52F781C-380B-46F8-B9C4-6D9333923D8B}.Debug|Any CPU.ActiveCfg = Debug|Any CPU
		{E52F781C-380B-46F8-B9C4-6D9333923D8B}.Debug|Any CPU.Build.0 = Debug|Any CPU
		{E52F781C-380B-46F8-B9C4-6D9333923D8B}.Release|Any CPU.ActiveCfg = Release|Any CPU
		{E52F781C-380B-46F8-B9C4-6D9333923D8B}.Release|Any CPU.Build.0 = Release|Any CPU
		{ED4D500B-FD09-4ACD-980A-B6E6587D4283}.Debug|Any CPU.ActiveCfg = Debug|Any CPU
		{ED4D500B-FD09-4ACD-980A-B6E6587D4283}.Debug|Any CPU.Build.0 = Debug|Any CPU
		{ED4D500B-FD09-4ACD-980A-B6E6587D4283}.Release|Any CPU.ActiveCfg = Release|Any CPU
		{ED4D500B-FD09-4ACD-980A-B6E6587D4283}.Release|Any CPU.Build.0 = Release|Any CPU
		{E96D80B1-AFF1-4ECA-BFCB-EAF410756894}.Debug|Any CPU.ActiveCfg = Debug|Any CPU
		{E96D80B1-AFF1-4ECA-BFCB-EAF410756894}.Debug|Any CPU.Build.0 = Debug|Any CPU
		{E96D80B1-AFF1-4ECA-BFCB-EAF410756894}.Release|Any CPU.ActiveCfg = Release|Any CPU
		{E96D80B1-AFF1-4ECA-BFCB-EAF410756894}.Release|Any CPU.Build.0 = Release|Any CPU
		{FE8C1783-A25F-40B4-B5CA-6B9BF0959FF5}.Debug|Any CPU.ActiveCfg = Debug|Any CPU
		{FE8C1783-A25F-40B4-B5CA-6B9BF0959FF5}.Debug|Any CPU.Build.0 = Debug|Any CPU
		{FE8C1783-A25F-40B4-B5CA-6B9BF0959FF5}.Release|Any CPU.ActiveCfg = Release|Any CPU
		{FE8C1783-A25F-40B4-B5CA-6B9BF0959FF5}.Release|Any CPU.Build.0 = Release|Any CPU
		{1AD1E450-93DC-4BF3-9D7F-9F1B5ADA2367}.Debug|Any CPU.ActiveCfg = Debug|Any CPU
		{1AD1E450-93DC-4BF3-9D7F-9F1B5ADA2367}.Debug|Any CPU.Build.0 = Debug|Any CPU
		{1AD1E450-93DC-4BF3-9D7F-9F1B5ADA2367}.Release|Any CPU.ActiveCfg = Release|Any CPU
		{1AD1E450-93DC-4BF3-9D7F-9F1B5ADA2367}.Release|Any CPU.Build.0 = Release|Any CPU
		{6617032A-9A8F-47CE-8548-5D0FF9BC4AFC}.Debug|Any CPU.ActiveCfg = Debug|Any CPU
		{6617032A-9A8F-47CE-8548-5D0FF9BC4AFC}.Debug|Any CPU.Build.0 = Debug|Any CPU
		{6617032A-9A8F-47CE-8548-5D0FF9BC4AFC}.Release|Any CPU.ActiveCfg = Release|Any CPU
		{6617032A-9A8F-47CE-8548-5D0FF9BC4AFC}.Release|Any CPU.Build.0 = Release|Any CPU
		{94C3D3F2-F401-4F02-A32F-7287CA17AD34}.Debug|Any CPU.ActiveCfg = Debug|Any CPU
		{94C3D3F2-F401-4F02-A32F-7287CA17AD34}.Debug|Any CPU.Build.0 = Debug|Any CPU
		{94C3D3F2-F401-4F02-A32F-7287CA17AD34}.Release|Any CPU.ActiveCfg = Release|Any CPU
		{94C3D3F2-F401-4F02-A32F-7287CA17AD34}.Release|Any CPU.Build.0 = Release|Any CPU
		{A14957C6-3323-461E-AB8D-F5D188F8EAC8}.Debug|Any CPU.ActiveCfg = Debug|Any CPU
		{A14957C6-3323-461E-AB8D-F5D188F8EAC8}.Debug|Any CPU.Build.0 = Debug|Any CPU
		{A14957C6-3323-461E-AB8D-F5D188F8EAC8}.Release|Any CPU.ActiveCfg = Release|Any CPU
		{A14957C6-3323-461E-AB8D-F5D188F8EAC8}.Release|Any CPU.Build.0 = Release|Any CPU
		{32F61CB0-1F61-4C07-BFBA-BC0326ACEE7F}.Debug|Any CPU.ActiveCfg = Debug|Any CPU
		{32F61CB0-1F61-4C07-BFBA-BC0326ACEE7F}.Debug|Any CPU.Build.0 = Debug|Any CPU
		{32F61CB0-1F61-4C07-BFBA-BC0326ACEE7F}.Release|Any CPU.ActiveCfg = Release|Any CPU
		{32F61CB0-1F61-4C07-BFBA-BC0326ACEE7F}.Release|Any CPU.Build.0 = Release|Any CPU
		{80BE6567-6533-4C17-BDC5-94A812691465}.Debug|Any CPU.ActiveCfg = Debug|Any CPU
		{80BE6567-6533-4C17-BDC5-94A812691465}.Debug|Any CPU.Build.0 = Debug|Any CPU
		{80BE6567-6533-4C17-BDC5-94A812691465}.Release|Any CPU.ActiveCfg = Release|Any CPU
		{80BE6567-6533-4C17-BDC5-94A812691465}.Release|Any CPU.Build.0 = Release|Any CPU
		{663F0623-A1F0-465A-8160-716965212E95}.Debug|Any CPU.ActiveCfg = Debug|Any CPU
		{663F0623-A1F0-465A-8160-716965212E95}.Debug|Any CPU.Build.0 = Debug|Any CPU
		{663F0623-A1F0-465A-8160-716965212E95}.Release|Any CPU.ActiveCfg = Release|Any CPU
		{663F0623-A1F0-465A-8160-716965212E95}.Release|Any CPU.Build.0 = Release|Any CPU
	EndGlobalSection
	GlobalSection(SolutionProperties) = preSolution
		HideSolutionNode = FALSE
	EndGlobalSection
	GlobalSection(NestedProjects) = preSolution
		{80728187-F676-4C27-9143-165A6154F48E} = {C3392864-4CB4-41E7-A620-99AB9956E5F7}
		{1A361948-18DD-4CA8-9760-83CA17E401A4} = {80728187-F676-4C27-9143-165A6154F48E}
		{64898081-32FC-459D-A23D-5BFC45C870CC} = {C3392864-4CB4-41E7-A620-99AB9956E5F7}
		{5F5BB48D-1CF4-4046-A67C-E3EDA8468BBD} = {64898081-32FC-459D-A23D-5BFC45C870CC}
		{DA208891-150C-436B-B14B-CC75D7F600FB} = {64898081-32FC-459D-A23D-5BFC45C870CC}
		{B2F42D70-7EEC-4F35-9A30-42DD683CBB51} = {64898081-32FC-459D-A23D-5BFC45C870CC}
		{E7807AE2-756D-4EB2-AE78-98BF88626A3D} = {64898081-32FC-459D-A23D-5BFC45C870CC}
		{A3EE8030-999A-4A21-B2C9-220D2D93EE6D} = {64898081-32FC-459D-A23D-5BFC45C870CC}
		{4031B06F-56C9-4A34-B31E-2EC7B1CB20F6} = {C3392864-4CB4-41E7-A620-99AB9956E5F7}
		{85683DF4-5D9E-475E-AB31-3DD589F02355} = {4031B06F-56C9-4A34-B31E-2EC7B1CB20F6}
		{2C00514C-2346-45D4-92C5-550BB5BFFDD2} = {C3392864-4CB4-41E7-A620-99AB9956E5F7}
		{7DF0DB51-4BA6-422D-A5F9-B9952EC825BF} = {2C00514C-2346-45D4-92C5-550BB5BFFDD2}
		{C76F89DA-2572-4241-85AA-C1FD90499C8E} = {C3392864-4CB4-41E7-A620-99AB9956E5F7}
		{00230AD7-54B7-4A67-BB9D-DFF65B1589F4} = {C76F89DA-2572-4241-85AA-C1FD90499C8E}
		{4A12CCC7-4CD0-4468-AA16-D6107E24ABB6} = {C76F89DA-2572-4241-85AA-C1FD90499C8E}
		{2C36F674-33B8-404B-947F-B591B3FB78EA} = {C3392864-4CB4-41E7-A620-99AB9956E5F7}
		{132A58F8-F1C9-48D8-88D0-FDE3E71336AB} = {2C36F674-33B8-404B-947F-B591B3FB78EA}
		{F36D2A45-B13F-43B0-A850-A551727CE0A5} = {2C36F674-33B8-404B-947F-B591B3FB78EA}
		{E52F781C-380B-46F8-B9C4-6D9333923D8B} = {2C36F674-33B8-404B-947F-B591B3FB78EA}
		{ED4D500B-FD09-4ACD-980A-B6E6587D4283} = {2C36F674-33B8-404B-947F-B591B3FB78EA}
		{E7CFF120-ABCB-43CE-9305-06CDDA751B60} = {C3392864-4CB4-41E7-A620-99AB9956E5F7}
		{E96D80B1-AFF1-4ECA-BFCB-EAF410756894} = {E7CFF120-ABCB-43CE-9305-06CDDA751B60}
		{86321BB2-0655-4CDA-AEA4-4289744D74FC} = {C3392864-4CB4-41E7-A620-99AB9956E5F7}
		{FE8C1783-A25F-40B4-B5CA-6B9BF0959FF5} = {86321BB2-0655-4CDA-AEA4-4289744D74FC}
		{A7B613E5-C1DE-4991-B59A-1FAF4C6F1CAB} = {C3392864-4CB4-41E7-A620-99AB9956E5F7}
		{1AD1E450-93DC-4BF3-9D7F-9F1B5ADA2367} = {A7B613E5-C1DE-4991-B59A-1FAF4C6F1CAB}
		{5DC32C04-2E70-4827-8F8F-E2A4F7C92442} = {C3392864-4CB4-41E7-A620-99AB9956E5F7}
		{6617032A-9A8F-47CE-8548-5D0FF9BC4AFC} = {5DC32C04-2E70-4827-8F8F-E2A4F7C92442}
		{3DEBEA52-CE7D-4AC4-9B73-F7B6D4F5B6F8} = {C3392864-4CB4-41E7-A620-99AB9956E5F7}
		{94C3D3F2-F401-4F02-A32F-7287CA17AD34} = {3DEBEA52-CE7D-4AC4-9B73-F7B6D4F5B6F8}
		{A14957C6-3323-461E-AB8D-F5D188F8EAC8} = {3DEBEA52-CE7D-4AC4-9B73-F7B6D4F5B6F8}
		{BE2ED094-46BE-4E1C-A040-23F1ACA7B5D9} = {C3392864-4CB4-41E7-A620-99AB9956E5F7}
		{32F61CB0-1F61-4C07-BFBA-BC0326ACEE7F} = {BE2ED094-46BE-4E1C-A040-23F1ACA7B5D9}
		{80BE6567-6533-4C17-BDC5-94A812691465} = {BE2ED094-46BE-4E1C-A040-23F1ACA7B5D9}
		{663F0623-A1F0-465A-8160-716965212E95} = {BE2ED094-46BE-4E1C-A040-23F1ACA7B5D9}
	EndGlobalSection
	GlobalSection(ExtensibilityGlobals) = postSolution
		SolutionGuid = {E64D15EB-8ECC-4415-99A6-D821066AA323}
	EndGlobalSection
EndGlobal
