
Microsoft Visual Studio Solution File, Format Version 12.00
# Visual Studio Version 17
VisualStudioVersion = 17.10.35122.118
MinimumVisualStudioVersion = 10.0.40219.1
Project("{2150E333-8FDC-42A3-9474-1A3956D46DE8}") = "CSharpTasks", "CSharpTasks", "{172F6E6B-2145-4063-8817-11620FD9B73B}"
EndProject
Project("{2150E333-8FDC-42A3-9474-1A3956D46DE8}") = "Task5_Delegates", "Task5_Delegates", "{7DC8299A-953F-4E6C-AEFF-629D89B61FE8}"
EndProject
Project("{9A19103F-16F7-4668-BE54-9A1E7A4F7556}") = "Delegates", "Task5_Delegates\Delegates\Delegates.csproj", "{35012AF7-C70B-43FF-8D51-6CEA121FAAB6}"
EndProject
Project("{2150E333-8FDC-42A3-9474-1A3956D46DE8}") = "Task4_ClassHierarchy", "Task4_ClassHierarchy", "{F2E7CC7E-18A3-42AA-B18A-5F3C82A359FE}"
EndProject
Project("{9A19103F-16F7-4668-BE54-9A1E7A4F7556}") = "ClassHierarchy", "Task4_ClassHierarchy\ClassHierarchy\ClassHierarchy.csproj", "{EABAC604-F473-4632-A9E0-B56E396AA119}"
EndProject
Project("{2150E333-8FDC-42A3-9474-1A3956D46DE8}") = "Task3_GenericClass", "Task3_GenericClass", "{BA2192E9-5F35-416E-8ACA-4323A4FE326C}"
EndProject
Project("{9A19103F-16F7-4668-BE54-9A1E7A4F7556}") = "BoxingAndGenerics", "Task3_GenericClass\BoxingAndGenerics\BoxingAndGenerics.csproj", "{A4330F3C-14B6-45FA-80EA-4B7F1749BCEC}"
EndProject
Project("{2150E333-8FDC-42A3-9474-1A3956D46DE8}") = "Task2_CatClassification", "Task2_CatClassification", "{D80D9E40-5C48-4A3D-B45D-5FA09E4A3C00}"
EndProject
Project("{9A19103F-16F7-4668-BE54-9A1E7A4F7556}") = "VinogradovIE_CatFramework", "Task2_CatClassification\VinogradovIE_CatFramework\VinogradovIE_CatFramework.csproj", "{47C0EF85-28D7-4CB0-8BCB-B3B70046F0F3}"
EndProject
Project("{9A19103F-16F7-4668-BE54-9A1E7A4F7556}") = "VinogradovIE_CatApplication", "Task2_CatClassification\VinogradovIE_CatApplication\VinogradovIE_CatApplication.csproj", "{AC2872DA-DCCC-4898-A1D0-5C849EE1408B}"
EndProject
Project("{2150E333-8FDC-42A3-9474-1A3956D46DE8}") = "Task6_Patterns", "Task6_Patterns", "{AC3158F5-245C-4F2F-9840-3E7F32FE7425}"
EndProject
Project("{9A19103F-16F7-4668-BE54-9A1E7A4F7556}") = "Patterns", "Patterns\Patterns.csproj", "{EBF38F71-FAA8-4ACE-BC77-C56F6437FBC0}"
EndProject
Project("{2150E333-8FDC-42A3-9474-1A3956D46DE8}") = "Task7_PatternsFromUML", "Task7_PatternsFromUML", "{920757B9-1FB2-4C1D-886E-09D9A311F948}"
EndProject
Project("{FAE04EC0-301F-11D3-BF4B-00C04F79EFBC}") = "Prototype", "Prototype\Prototype.csproj", "{7A34F944-E93C-4B80-AE0C-8F5B33BAF4A2}"
EndProject
Project("{FAE04EC0-301F-11D3-BF4B-00C04F79EFBC}") = "FactoryMethod", "FactoryMethod\FactoryMethod.csproj", "{E981ACDB-69FC-4F2F-B3C3-922D94C900A4}"
EndProject
Project("{FAE04EC0-301F-11D3-BF4B-00C04F79EFBC}") = "Builder", "Builder\Builder.csproj", "{49D19E23-D5A7-476D-B394-97518F39EC02}"
EndProject
Project("{FAE04EC0-301F-11D3-BF4B-00C04F79EFBC}") = "Singleton", "Singleton\Singleton.csproj", "{34175E2E-FF88-4EFC-8A83-FFF8B36B867F}"
EndProject
Global
	GlobalSection(SolutionConfigurationPlatforms) = preSolution
		Debug|Any CPU = Debug|Any CPU
		Release|Any CPU = Release|Any CPU
	EndGlobalSection
	GlobalSection(ProjectConfigurationPlatforms) = postSolution
		{35012AF7-C70B-43FF-8D51-6CEA121FAAB6}.Debug|Any CPU.ActiveCfg = Debug|Any CPU
		{35012AF7-C70B-43FF-8D51-6CEA121FAAB6}.Debug|Any CPU.Build.0 = Debug|Any CPU
		{35012AF7-C70B-43FF-8D51-6CEA121FAAB6}.Release|Any CPU.ActiveCfg = Release|Any CPU
		{35012AF7-C70B-43FF-8D51-6CEA121FAAB6}.Release|Any CPU.Build.0 = Release|Any CPU
		{EABAC604-F473-4632-A9E0-B56E396AA119}.Debug|Any CPU.ActiveCfg = Debug|Any CPU
		{EABAC604-F473-4632-A9E0-B56E396AA119}.Debug|Any CPU.Build.0 = Debug|Any CPU
		{EABAC604-F473-4632-A9E0-B56E396AA119}.Release|Any CPU.ActiveCfg = Release|Any CPU
		{EABAC604-F473-4632-A9E0-B56E396AA119}.Release|Any CPU.Build.0 = Release|Any CPU
		{A4330F3C-14B6-45FA-80EA-4B7F1749BCEC}.Debug|Any CPU.ActiveCfg = Debug|Any CPU
		{A4330F3C-14B6-45FA-80EA-4B7F1749BCEC}.Debug|Any CPU.Build.0 = Debug|Any CPU
		{A4330F3C-14B6-45FA-80EA-4B7F1749BCEC}.Release|Any CPU.ActiveCfg = Release|Any CPU
		{A4330F3C-14B6-45FA-80EA-4B7F1749BCEC}.Release|Any CPU.Build.0 = Release|Any CPU
		{47C0EF85-28D7-4CB0-8BCB-B3B70046F0F3}.Debug|Any CPU.ActiveCfg = Debug|Any CPU
		{47C0EF85-28D7-4CB0-8BCB-B3B70046F0F3}.Debug|Any CPU.Build.0 = Debug|Any CPU
		{47C0EF85-28D7-4CB0-8BCB-B3B70046F0F3}.Release|Any CPU.ActiveCfg = Release|Any CPU
		{47C0EF85-28D7-4CB0-8BCB-B3B70046F0F3}.Release|Any CPU.Build.0 = Release|Any CPU
		{AC2872DA-DCCC-4898-A1D0-5C849EE1408B}.Debug|Any CPU.ActiveCfg = Debug|Any CPU
		{AC2872DA-DCCC-4898-A1D0-5C849EE1408B}.Debug|Any CPU.Build.0 = Debug|Any CPU
		{AC2872DA-DCCC-4898-A1D0-5C849EE1408B}.Release|Any CPU.ActiveCfg = Release|Any CPU
		{AC2872DA-DCCC-4898-A1D0-5C849EE1408B}.Release|Any CPU.Build.0 = Release|Any CPU
		{EBF38F71-FAA8-4ACE-BC77-C56F6437FBC0}.Debug|Any CPU.ActiveCfg = Debug|Any CPU
		{EBF38F71-FAA8-4ACE-BC77-C56F6437FBC0}.Debug|Any CPU.Build.0 = Debug|Any CPU
		{EBF38F71-FAA8-4ACE-BC77-C56F6437FBC0}.Release|Any CPU.ActiveCfg = Release|Any CPU
		{EBF38F71-FAA8-4ACE-BC77-C56F6437FBC0}.Release|Any CPU.Build.0 = Release|Any CPU
		{7A34F944-E93C-4B80-AE0C-8F5B33BAF4A2}.Debug|Any CPU.ActiveCfg = Debug|Any CPU
		{7A34F944-E93C-4B80-AE0C-8F5B33BAF4A2}.Debug|Any CPU.Build.0 = Debug|Any CPU
		{7A34F944-E93C-4B80-AE0C-8F5B33BAF4A2}.Release|Any CPU.ActiveCfg = Release|Any CPU
		{7A34F944-E93C-4B80-AE0C-8F5B33BAF4A2}.Release|Any CPU.Build.0 = Release|Any CPU
		{E981ACDB-69FC-4F2F-B3C3-922D94C900A4}.Debug|Any CPU.ActiveCfg = Debug|Any CPU
		{E981ACDB-69FC-4F2F-B3C3-922D94C900A4}.Debug|Any CPU.Build.0 = Debug|Any CPU
		{E981ACDB-69FC-4F2F-B3C3-922D94C900A4}.Release|Any CPU.ActiveCfg = Release|Any CPU
		{E981ACDB-69FC-4F2F-B3C3-922D94C900A4}.Release|Any CPU.Build.0 = Release|Any CPU
		{49D19E23-D5A7-476D-B394-97518F39EC02}.Debug|Any CPU.ActiveCfg = Debug|Any CPU
		{49D19E23-D5A7-476D-B394-97518F39EC02}.Debug|Any CPU.Build.0 = Debug|Any CPU
		{49D19E23-D5A7-476D-B394-97518F39EC02}.Release|Any CPU.ActiveCfg = Release|Any CPU
		{49D19E23-D5A7-476D-B394-97518F39EC02}.Release|Any CPU.Build.0 = Release|Any CPU
		{34175E2E-FF88-4EFC-8A83-FFF8B36B867F}.Debug|Any CPU.ActiveCfg = Debug|Any CPU
		{34175E2E-FF88-4EFC-8A83-FFF8B36B867F}.Debug|Any CPU.Build.0 = Debug|Any CPU
		{34175E2E-FF88-4EFC-8A83-FFF8B36B867F}.Release|Any CPU.ActiveCfg = Release|Any CPU
		{34175E2E-FF88-4EFC-8A83-FFF8B36B867F}.Release|Any CPU.Build.0 = Release|Any CPU
	EndGlobalSection
	GlobalSection(SolutionProperties) = preSolution
		HideSolutionNode = FALSE
	EndGlobalSection
	GlobalSection(NestedProjects) = preSolution
		{7DC8299A-953F-4E6C-AEFF-629D89B61FE8} = {172F6E6B-2145-4063-8817-11620FD9B73B}
		{35012AF7-C70B-43FF-8D51-6CEA121FAAB6} = {7DC8299A-953F-4E6C-AEFF-629D89B61FE8}
		{F2E7CC7E-18A3-42AA-B18A-5F3C82A359FE} = {172F6E6B-2145-4063-8817-11620FD9B73B}
		{EABAC604-F473-4632-A9E0-B56E396AA119} = {F2E7CC7E-18A3-42AA-B18A-5F3C82A359FE}
		{BA2192E9-5F35-416E-8ACA-4323A4FE326C} = {172F6E6B-2145-4063-8817-11620FD9B73B}
		{A4330F3C-14B6-45FA-80EA-4B7F1749BCEC} = {BA2192E9-5F35-416E-8ACA-4323A4FE326C}
		{D80D9E40-5C48-4A3D-B45D-5FA09E4A3C00} = {172F6E6B-2145-4063-8817-11620FD9B73B}
		{47C0EF85-28D7-4CB0-8BCB-B3B70046F0F3} = {D80D9E40-5C48-4A3D-B45D-5FA09E4A3C00}
		{AC2872DA-DCCC-4898-A1D0-5C849EE1408B} = {D80D9E40-5C48-4A3D-B45D-5FA09E4A3C00}
		{AC3158F5-245C-4F2F-9840-3E7F32FE7425} = {172F6E6B-2145-4063-8817-11620FD9B73B}
		{EBF38F71-FAA8-4ACE-BC77-C56F6437FBC0} = {AC3158F5-245C-4F2F-9840-3E7F32FE7425}
		{920757B9-1FB2-4C1D-886E-09D9A311F948} = {172F6E6B-2145-4063-8817-11620FD9B73B}
		{7A34F944-E93C-4B80-AE0C-8F5B33BAF4A2} = {920757B9-1FB2-4C1D-886E-09D9A311F948}
		{E981ACDB-69FC-4F2F-B3C3-922D94C900A4} = {920757B9-1FB2-4C1D-886E-09D9A311F948}
		{49D19E23-D5A7-476D-B394-97518F39EC02} = {920757B9-1FB2-4C1D-886E-09D9A311F948}
		{34175E2E-FF88-4EFC-8A83-FFF8B36B867F} = {920757B9-1FB2-4C1D-886E-09D9A311F948}
	EndGlobalSection
	GlobalSection(ExtensibilityGlobals) = postSolution
		SolutionGuid = {E64D15EB-8ECC-4415-99A6-D821066AA323}
	EndGlobalSection
EndGlobal
